
Microsoft Visual Studio Solution File, Format Version 12.00
# Visual Studio 2013
VisualStudioVersion = 12.0.40629.0
MinimumVisualStudioVersion = 10.0.40219.1
Project("{8BC9CEB8-8B4A-11D0-8D11-00A0C91BC942}") = "DemoSort", "DemoSort\DemoSort.vcxproj", "{AF01275C-4EC5-49DB-A6E6-B65613951FC0}"
EndProject
Global
	GlobalSection(SolutionConfigurationPlatforms) = preSolution
		Debug|Win32 = Debug|Win32
		Release|Win32 = Release|Win32
	EndGlobalSection
	GlobalSection(ProjectConfigurationPlatforms) = postSolution
		{AF01275C-4EC5-49DB-A6E6-B65613951FC0}.Debug|Win32.ActiveCfg = Debug|Win32
		{AF01275C-4EC5-49DB-A6E6-B65613951FC0}.Debug|Win32.Build.0 = Debug|Win32
		{AF01275C-4EC5-49DB-A6E6-B65613951FC0}.Release|Win32.ActiveCfg = Release|Win32
		{AF01275C-4EC5-49DB-A6E6-B65613951FC0}.Release|Win32.Build.0 = Release|Win32
	EndGlobalSection
	GlobalSection(SolutionProperties) = preSolution
		HideSolutionNode = FALSE
	EndGlobalSection
EndGlobal
