<?xml version="1.0" encoding="utf-8"?>
<Project ToolsVersion="4.0" xmlns="http://schemas.microsoft.com/developer/msbuild/2003">
  <ItemGroup>
    <Filter Include="源文件">
      <UniqueIdentifier>{4FC737F1-C7A5-4376-A066-2A32D752A2FF}</UniqueIdentifier>
      <Extensions>cpp;c;cc;cxx;def;odl;idl;hpj;bat;asm;asmx</Extensions>
    </Filter>
    <Filter Include="头文件">
      <UniqueIdentifier>{93995380-89BD-4b04-88EB-625FBE52EBFB}</UniqueIdentifier>
      <Extensions>h;hh;hpp;hxx;hm;inl;inc;xsd</Extensions>
    </Filter>
    <Filter Include="资源文件">
      <UniqueIdentifier>{67DA6AB6-F800-4c08-8B7A-83BB121AAD01}</UniqueIdentifier>
      <Extensions>rc;ico;cur;bmp;dlg;rc2;rct;bin;rgs;gif;jpg;jpeg;jpe;resx;tiff;tif;png;wav;mfcribbon-ms</Extensions>
    </Filter>
    <Filter Include="源文件\SortMethod">
      <UniqueIdentifier>{59e26ac9-d524-45cf-ad5e-f8bf0dac3ae1}</UniqueIdentifier>
    </Filter>
    <Filter Include="头文件\Header">
      <UniqueIdentifier>{1ddb948d-74d7-4b25-bb9b-076876e3af22}</UniqueIdentifier>
    </Filter>
  </ItemGroup>
  <ItemGroup>
    <Text Include="ReadMe.txt" />
  </ItemGroup>
  <ItemGroup>
    <ClInclude Include="stdafx.h">
      <Filter>头文件</Filter>
    </ClInclude>
    <ClInclude Include="targetver.h">
      <Filter>头文件</Filter>
    </ClInclude>
    <ClInclude Include="demo_data_model.h">
      <Filter>头文件</Filter>
    </ClInclude>
    <ClInclude Include="bubble_sort.h">
      <Filter>头文件\Header</Filter>
    </ClInclude>
    <ClInclude Include="quick_sort.h">
      <Filter>头文件\Header</Filter>
    </ClInclude>
    <ClInclude Include="direct_insert_sort.h">
      <Filter>头文件\Header</Filter>
    </ClInclude>
    <ClInclude Include="half_insert_sort.h">
      <Filter>头文件\Header</Filter>
    </ClInclude>
    <ClInclude Include="demo_data_link_model.h">
      <Filter>头文件</Filter>
    </ClInclude>
  </ItemGroup>
  <ItemGroup>
    <ClCompile Include="stdafx.cpp">
      <Filter>源文件</Filter>
    </ClCompile>
    <ClCompile Include="bubble_sort.cpp">
      <Filter>源文件\SortMethod</Filter>
    </ClCompile>
    <ClCompile Include="quick_sort.cpp">
      <Filter>源文件\SortMethod</Filter>
    </ClCompile>
    <ClCompile Include="demo_data_model.cpp">
      <Filter>源文件</Filter>
    </ClCompile>
    <ClCompile Include="demo_sort.cpp">
      <Filter>源文件</Filter>
    </ClCompile>
    <ClCompile Include="direct_insert_sort.cpp">
      <Filter>源文件\SortMethod</Filter>
    </ClCompile>
    <ClCompile Include="half_insert_sort.cpp">
      <Filter>源文件\SortMethod</Filter>
    </ClCompile>
    <ClCompile Include="demo_data_link_model.cpp">
      <Filter>源文件</Filter>
    </ClCompile>
  </ItemGroup>
</Project>